
Microsoft Visual Studio Solution File, Format Version 11.00
# Visual Studio 2010
Project("{8BC9CEB8-8B4A-11D0-8D11-00A0C91BC942}") = "otl_test", "otl_test\otl_test.vcxproj", "{6678DEDA-278D-4838-9618-D443DE091377}"
EndProject
Global
	GlobalSection(SolutionConfigurationPlatforms) = preSolution
		Debug|Win32 = Debug|Win32
		Release|Win32 = Release|Win32
	EndGlobalSection
	GlobalSection(ProjectConfigurationPlatforms) = postSolution
		{6678DEDA-278D-4838-9618-D443DE091377}.Debug|Win32.ActiveCfg = Debug|Win32
		{6678DEDA-278D-4838-9618-D443DE091377}.Debug|Win32.Build.0 = Debug|Win32
		{6678DEDA-278D-4838-9618-D443DE091377}.Release|Win32.ActiveCfg = Release|Win32
		{6678DEDA-278D-4838-9618-D443DE091377}.Release|Win32.Build.0 = Release|Win32
	EndGlobalSection
	GlobalSection(SolutionProperties) = preSolution
		HideSolutionNode = FALSE
	EndGlobalSection
EndGlobal
